
Microsoft Visual Studio Solution File, Format Version 12.00
# Visual Studio Version 17
VisualStudioVersion = 17.2.32516.85
MinimumVisualStudioVersion = 10.0.40219.1
Project("{FAE04EC0-301F-11D3-BF4B-00C04F79EFBC}") = "TransparentOnTopChat", "TransparentOnTopChat.csproj", "{A1E310C7-1D62-439A-B77B-0AAFE538BE7A}"
EndProject
Global
	GlobalSection(SolutionConfigurationPlatforms) = preSolution
		Debug|Any CPU = Debug|Any CPU
		Release|Any CPU = Release|Any CPU
	EndGlobalSection
	GlobalSection(ProjectConfigurationPlatforms) = postSolution
		{A1E310C7-1D62-439A-B77B-0AAFE538BE7A}.Debug|Any CPU.ActiveCfg = Debug|Any CPU
		{A1E310C7-1D62-439A-B77B-0AAFE538BE7A}.Debug|Any CPU.Build.0 = Debug|Any CPU
		{A1E310C7-1D62-439A-B77B-0AAFE538BE7A}.Release|Any CPU.ActiveCfg = Release|Any CPU
		{A1E310C7-1D62-439A-B77B-0AAFE538BE7A}.Release|Any CPU.Build.0 = Release|Any CPU
	EndGlobalSection
	GlobalSection(SolutionProperties) = preSolution
		HideSolutionNode = FALSE
	EndGlobalSection
	GlobalSection(ExtensibilityGlobals) = postSolution
		SolutionGuid = {9CF88912-E218-43A4-91A4-3DEF1FBA928C}
	EndGlobalSection
EndGlobal
